// !$*UTF8*$!
{
	archiveVersion = 1;
	classes = {
	};
	objectVersion = 46;
	objects = {

/* Begin PBXBuildFile section */
		BE08781A1FB359500015F728 /* Enemy.cpp in Sources */ = {isa = PBXBuildFile; fileRef = BE0878181FB3594F0015F728 /* Enemy.cpp */; };
		BE14C3AD2038AA30009534A8 /* Game.cpp in Sources */ = {isa = PBXBuildFile; fileRef = BE14C3AB2038AA30009534A8 /* Game.cpp */; };
		BE14C3B02038AAC3009534A8 /* Window.cpp in Sources */ = {isa = PBXBuildFile; fileRef = BE14C3AE2038AAC3009534A8 /* Window.cpp */; };
		BE14C3B6203B2505009534A8 /* InputManager.cpp in Sources */ = {isa = PBXBuildFile; fileRef = BE14C3B4203B2505009534A8 /* InputManager.cpp */; };
		BE5AE6011F9D9604001BF868 /* ResourcePath.mm in Sources */ = {isa = PBXBuildFile; fileRef = BE5AE6001F9D9604001BF868 /* ResourcePath.mm */; };
		BE5AE6171F9D9649001BF868 /* player.cpp in Sources */ = {isa = PBXBuildFile; fileRef = BE5AE6131F9D9649001BF868 /* player.cpp */; };
		BE5AE6181F9D9649001BF868 /* main.cpp in Sources */ = {isa = PBXBuildFile; fileRef = BE5AE6161F9D9649001BF868 /* main.cpp */; };
		BE5AE6351FB11F85001BF868 /* Hero.png in Resources */ = {isa = PBXBuildFile; fileRef = BE5AE6341FB11F85001BF868 /* Hero.png */; };
		BE5AE6381FB12557001BF868 /* Projectile.cpp in Sources */ = {isa = PBXBuildFile; fileRef = BE5AE6361FB12557001BF868 /* Projectile.cpp */; };
/* End PBXBuildFile section */

/* Begin PBXFileReference section */
		BE0878181FB3594F0015F728 /* Enemy.cpp */ = {isa = PBXFileReference; fileEncoding = 4; lastKnownFileType = sourcecode.cpp.cpp; path = Enemy.cpp; sourceTree = "<group>"; };
		BE0878231FB528DE0015F728 /* entity.hpp */ = {isa = PBXFileReference; fileEncoding = 4; lastKnownFileType = sourcecode.cpp.h; path = entity.hpp; sourceTree = "<group>"; };
		BE0878441FCE18A10015F728 /* Enemy.h */ = {isa = PBXFileReference; lastKnownFileType = sourcecode.c.h; name = Enemy.h; path = ../Enemy.h; sourceTree = "<group>"; };
		BE14C3AB2038AA30009534A8 /* Game.cpp */ = {isa = PBXFileReference; lastKnownFileType = sourcecode.cpp.cpp; path = Game.cpp; sourceTree = "<group>"; };
		BE14C3AC2038AA30009534A8 /* Game.hpp */ = {isa = PBXFileReference; lastKnownFileType = sourcecode.cpp.h; path = Game.hpp; sourceTree = "<group>"; };
		BE14C3AE2038AAC3009534A8 /* Window.cpp */ = {isa = PBXFileReference; lastKnownFileType = sourcecode.cpp.cpp; path = Window.cpp; sourceTree = "<group>"; };
		BE14C3AF2038AAC3009534A8 /* Window.hpp */ = {isa = PBXFileReference; lastKnownFileType = sourcecode.cpp.h; path = Window.hpp; sourceTree = "<group>"; };
		BE14C3B4203B2505009534A8 /* InputManager.cpp */ = {isa = PBXFileReference; lastKnownFileType = sourcecode.cpp.cpp; path = InputManager.cpp; sourceTree = "<group>"; };
		BE14C3B5203B2505009534A8 /* InputManager.hpp */ = {isa = PBXFileReference; lastKnownFileType = sourcecode.cpp.h; path = InputManager.hpp; sourceTree = "<group>"; };
		BE5AE5FB1F9D9604001BF868 /* SFML_RPG.app */ = {isa = PBXFileReference; explicitFileType = wrapper.application; includeInIndex = 0; path = SFML_RPG.app; sourceTree = BUILT_PRODUCTS_DIR; };
		BE5AE5FF1F9D9604001BF868 /* SFML_RPG-Info.plist */ = {isa = PBXFileReference; lastKnownFileType = text.plist.xml; path = "SFML_RPG-Info.plist"; sourceTree = "<group>"; };
		BE5AE6001F9D9604001BF868 /* ResourcePath.mm */ = {isa = PBXFileReference; lastKnownFileType = sourcecode.cpp.objcpp; path = ResourcePath.mm; sourceTree = "<group>"; };
		BE5AE6021F9D9604001BF868 /* ResourcePath.hpp */ = {isa = PBXFileReference; lastKnownFileType = sourcecode.cpp.h; path = ResourcePath.hpp; sourceTree = "<group>"; };
		BE5AE6131F9D9649001BF868 /* player.cpp */ = {isa = PBXFileReference; fileEncoding = 4; lastKnownFileType = sourcecode.cpp.cpp; path = player.cpp; sourceTree = "<group>"; };
		BE5AE6141F9D9649001BF868 /* player.h */ = {isa = PBXFileReference; fileEncoding = 4; lastKnownFileType = sourcecode.c.h; path = player.h; sourceTree = "<group>"; };
		BE5AE6161F9D9649001BF868 /* main.cpp */ = {isa = PBXFileReference; fileEncoding = 4; lastKnownFileType = sourcecode.cpp.cpp; path = main.cpp; sourceTree = "<group>"; };
		BE5AE6341FB11F85001BF868 /* Hero.png */ = {isa = PBXFileReference; lastKnownFileType = image.png; path = Hero.png; sourceTree = "<group>"; };
		BE5AE6361FB12557001BF868 /* Projectile.cpp */ = {isa = PBXFileReference; fileEncoding = 4; lastKnownFileType = sourcecode.cpp.cpp; path = Projectile.cpp; sourceTree = "<group>"; };
		BE5AE6371FB12557001BF868 /* Projectile.hpp */ = {isa = PBXFileReference; fileEncoding = 4; lastKnownFileType = sourcecode.cpp.h; path = Projectile.hpp; sourceTree = "<group>"; };
/* End PBXFileReference section */

/* Begin PBXFrameworksBuildPhase section */
		BE5AE5F71F9D9604001BF868 /* Frameworks */ = {
			isa = PBXFrameworksBuildPhase;
			buildActionMask = 2147483647;
			files = (
			);
			runOnlyForDeploymentPostprocessing = 0;
		};
/* End PBXFrameworksBuildPhase section */

/* Begin PBXGroup section */
		BE08781B1FB528040015F728 /* Headers */ = {
			isa = PBXGroup;
			children = (
				BE0878231FB528DE0015F728 /* entity.hpp */,
				BE0878441FCE18A10015F728 /* Enemy.h */,
				BE5AE6141F9D9649001BF868 /* player.h */,
				BE5AE6371FB12557001BF868 /* Projectile.hpp */,
			);
			name = Headers;
			sourceTree = "<group>";
		};
		BE08781C1FB528400015F728 /* Source */ = {
			isa = PBXGroup;
			children = (
				BE5AE6161F9D9649001BF868 /* main.cpp */,
				BE5AE6131F9D9649001BF868 /* player.cpp */,
				BE5AE6361FB12557001BF868 /* Projectile.cpp */,
				BE0878181FB3594F0015F728 /* Enemy.cpp */,
			);
			name = Source;
			sourceTree = "<group>";
		};
		BE14C3B12038AE6D009534A8 /* Engine */ = {
			isa = PBXGroup;
			children = (
				BE14C3B32038AE79009534A8 /* Source */,
				BE14C3B22038AE76009534A8 /* Headers */,
			);
			name = Engine;
			sourceTree = "<group>";
		};
		BE14C3B22038AE76009534A8 /* Headers */ = {
			isa = PBXGroup;
			children = (
				BE14C3B5203B2505009534A8 /* InputManager.hpp */,
				BE14C3AC2038AA30009534A8 /* Game.hpp */,
				BE14C3AF2038AAC3009534A8 /* Window.hpp */,
			);
			name = Headers;
			sourceTree = "<group>";
		};
		BE14C3B32038AE79009534A8 /* Source */ = {
			isa = PBXGroup;
			children = (
				BE14C3AB2038AA30009534A8 /* Game.cpp */,
				BE14C3AE2038AAC3009534A8 /* Window.cpp */,
				BE14C3B4203B2505009534A8 /* InputManager.cpp */,
			);
			name = Source;
			sourceTree = "<group>";
		};
		BE5AE5F11F9D9604001BF868 = {
			isa = PBXGroup;
			children = (
				BE5AE5FD1F9D9604001BF868 /* SFML_RPG */,
				BE5AE5FC1F9D9604001BF868 /* Products */,
			);
			sourceTree = "<group>";
		};
		BE5AE5FC1F9D9604001BF868 /* Products */ = {
			isa = PBXGroup;
			children = (
				BE5AE5FB1F9D9604001BF868 /* SFML_RPG.app */,
			);
			name = Products;
			sourceTree = "<group>";
		};
		BE5AE5FD1F9D9604001BF868 /* SFML_RPG */ = {
			isa = PBXGroup;
			children = (
				BE14C3B12038AE6D009534A8 /* Engine */,
				BE08781C1FB528400015F728 /* Source */,
				BE08781B1FB528040015F728 /* Headers */,
				BE5AE6051F9D9604001BF868 /* Resources */,
				BE5AE5FE1F9D9604001BF868 /* Supporting Files */,
			);
			path = SFML_RPG;
			sourceTree = "<group>";
		};
		BE5AE5FE1F9D9604001BF868 /* Supporting Files */ = {
			isa = PBXGroup;
			children = (
				BE5AE6001F9D9604001BF868 /* ResourcePath.mm */,
				BE5AE6021F9D9604001BF868 /* ResourcePath.hpp */,
				BE5AE5FF1F9D9604001BF868 /* SFML_RPG-Info.plist */,
			);
			name = "Supporting Files";
			sourceTree = "<group>";
		};
		BE5AE6051F9D9604001BF868 /* Resources */ = {
			isa = PBXGroup;
			children = (
				BE5AE6341FB11F85001BF868 /* Hero.png */,
			);
			name = Resources;
			sourceTree = "<group>";
		};
/* End PBXGroup section */

/* Begin PBXNativeTarget section */
		BE5AE5FA1F9D9604001BF868 /* SFML_RPG */ = {
			isa = PBXNativeTarget;
			buildConfigurationList = BE5AE6101F9D9604001BF868 /* Build configuration list for PBXNativeTarget "SFML_RPG" */;
			buildPhases = (
				BE5AE5F61F9D9604001BF868 /* Sources */,
				BE5AE5F71F9D9604001BF868 /* Frameworks */,
				BE5AE5F81F9D9604001BF868 /* Resources */,
				BE5AE5F91F9D9604001BF868 /* ShellScript */,
			);
			buildRules = (
			);
			dependencies = (
			);
			name = SFML_RPG;
			productName = SFML_RPG;
			productReference = BE5AE5FB1F9D9604001BF868 /* SFML_RPG.app */;
			productType = "com.apple.product-type.application";
		};
/* End PBXNativeTarget section */

/* Begin PBXProject section */
		BE5AE5F21F9D9604001BF868 /* Project object */ = {
			isa = PBXProject;
			attributes = {
				LastUpgradeCheck = 0820;
				ORGANIZATIONNAME = "Bruno Dasilva";
				TargetAttributes = {
					BE5AE5FA1F9D9604001BF868 = {
						CreatedOnToolsVersion = 8.2.1;
						DevelopmentTeam = 4L78Y9B549;
						ProvisioningStyle = Automatic;
					};
				};
			};
			buildConfigurationList = BE5AE5F51F9D9604001BF868 /* Build configuration list for PBXProject "SFML_RPG" */;
			compatibilityVersion = "Xcode 3.2";
			developmentRegion = English;
			hasScannedForEncodings = 0;
			knownRegions = (
				en,
			);
			mainGroup = BE5AE5F11F9D9604001BF868;
			productRefGroup = BE5AE5FC1F9D9604001BF868 /* Products */;
			projectDirPath = "";
			projectRoot = "";
			targets = (
				BE5AE5FA1F9D9604001BF868 /* SFML_RPG */,
			);
		};
/* End PBXProject section */

/* Begin PBXResourcesBuildPhase section */
		BE5AE5F81F9D9604001BF868 /* Resources */ = {
			isa = PBXResourcesBuildPhase;
			buildActionMask = 2147483647;
			files = (
				BE5AE6351FB11F85001BF868 /* Hero.png in Resources */,
			);
			runOnlyForDeploymentPostprocessing = 0;
		};
/* End PBXResourcesBuildPhase section */

/* Begin PBXShellScriptBuildPhase section */
		BE5AE5F91F9D9604001BF868 /* ShellScript */ = {
			isa = PBXShellScriptBuildPhase;
			buildActionMask = 2147483647;
			files = (
			);
			inputPaths = (
			);
			outputPaths = (
			);
			runOnlyForDeploymentPostprocessing = 0;
			shellPath = /bin/sh;
			shellScript = "# This shell script simply copies required SFML dylibs/frameworks into the application bundle frameworks folder.\n# If you're using static libraries (which is not recommended) you should remove this script from your project.\n\n# SETTINGS\nCMAKE_INSTALL_FRAMEWORK_PREFIX=\"/Library/Frameworks\"\nCMAKE_INSTALL_LIB_PREFIX=\"/usr/local/lib\"\nFRAMEWORKS_FULL_PATH=\"$BUILT_PRODUCTS_DIR/$FRAMEWORKS_FOLDER_PATH/\"\n\n# Are we building a project that uses frameworks or dylibs?\ncase \"$SFML_BINARY_TYPE\" in\n    DYLIBS)\n        frameworks=\"false\"\n        ;;\n    *)\n        frameworks=\"true\"\n        ;;\nesac\n\n# Echoes to stderr\nerror () # $* message to display\n{\n    echo $* 1>&2\n    exit 2\n}\n\nassert () # $1 is a boolean, $2...N is an error message\n{\n    if [ $# -lt 2 ]\n    then\n        error \"Internal error in assert: not enough args\"\n    fi\n\n    if [ $1 -ne 0 ]\n    then\n        shift\n        error \"$*\"\n    fi\n}\n\nforce_remove () # $@ is some paths\n{\n    test $# -ge 1\n    assert $? \"force_remove() requires at least one parameter\"\n    rm -fr $@\n    assert $? \"couldn't remove $@\"\n}\n\ncopy () # $1 is a source, $2 is a destination\n{\n    test $# -eq 2\n    assert $? \"copy() requires two parameters\"\n    ditto \"$1\" \"$2\"\n    assert $? \"couldn't copy $1 to $2\"\n}\n\nrequire () # $1 is a SFML module like 'system' or 'audio'\n{\n    dest=\"$BUILT_PRODUCTS_DIR/$FRAMEWORKS_FOLDER_PATH/\"\n\n    if [ -z \"$1\" ]\n    then\n        error \"require() requires one parameter!\"\n    else\n        # clean potentially old stuff\n        force_remove \"$dest/libsfml-$1\"*\n        force_remove \"$dest/sfml-$1.framework\"\n\n        # copy SFML libraries\n        if [ \"$frameworks\" = \"true\" ]\n        then\n            source=\"$CMAKE_INSTALL_FRAMEWORK_PREFIX/sfml-$1.framework\"\n            target=\"sfml-$1.framework\"\n        elif [ \"$SFML_LINK_DYLIBS_SUFFIX\" = \"-d\" ]\n        then\n            source=\"$CMAKE_INSTALL_LIB_PREFIX/libsfml-$1-d.dylib\"\n            target=\"`readlink $source`\"\n        else\n            source=\"$CMAKE_INSTALL_LIB_PREFIX/libsfml-$1.dylib\"\n            target=\"`readlink $source`\"\n        fi\n\n        copy \"$source\" \"$dest/$target\"\n\n        # copy extra dependencies\n        if [ \"$1\" = \"audio\" ]\n        then\n            # copy \"FLAC\" \"ogg\" \"vorbis\" \"vorbisenc\" \"vorbisfile\" \"OpenAL\" frameworks too\n            for f in \"FLAC\" \"ogg\" \"vorbis\" \"vorbisenc\" \"vorbisfile\" \"OpenAL\"\n            do\n                copy \"$CMAKE_INSTALL_FRAMEWORK_PREFIX/$f.framework\" \"$dest/$f.framework\"\n            done\n        elif [ \"$1\" = \"graphics\" ]\n        then\n            copy \"$CMAKE_INSTALL_FRAMEWORK_PREFIX/freetype.framework\" \"$dest/freetype.framework\"\n        fi\n    fi\n}\n\nif [ -n \"$SFML_SYSTEM\" ]\nthen\n    require \"system\"\nfi\n\nif [ -n \"$SFML_AUDIO\" ]\nthen\n    require \"audio\"\nfi\n\nif [ -n \"$SFML_NETWORK\" ]\nthen\n    require \"network\"\nfi\n\nif [ -n \"$SFML_WINDOW\" ]\nthen\n    require \"window\"\nfi\n\nif [ -n \"$SFML_GRAPHICS\" ]\nthen\n    require \"graphics\"\nfi\n\n                ";
		};
/* End PBXShellScriptBuildPhase section */

/* Begin PBXSourcesBuildPhase section */
		BE5AE5F61F9D9604001BF868 /* Sources */ = {
			isa = PBXSourcesBuildPhase;
			buildActionMask = 2147483647;
			files = (
				BE14C3B02038AAC3009534A8 /* Window.cpp in Sources */,
				BE5AE6381FB12557001BF868 /* Projectile.cpp in Sources */,
				BE5AE6171F9D9649001BF868 /* player.cpp in Sources */,
				BE08781A1FB359500015F728 /* Enemy.cpp in Sources */,
				BE14C3B6203B2505009534A8 /* InputManager.cpp in Sources */,
				BE14C3AD2038AA30009534A8 /* Game.cpp in Sources */,
				BE5AE6011F9D9604001BF868 /* ResourcePath.mm in Sources */,
				BE5AE6181F9D9649001BF868 /* main.cpp in Sources */,
			);
			runOnlyForDeploymentPostprocessing = 0;
		};
/* End PBXSourcesBuildPhase section */

/* Begin XCBuildConfiguration section */
		BE5AE60E1F9D9604001BF868 /* Debug */ = {
			isa = XCBuildConfiguration;
			buildSettings = {
				ARCHS = "$(NATIVE_ARCH_ACTUAL)";
				CLANG_CXX_LANGUAGE_STANDARD = "c++0x";
				CLANG_CXX_LIBRARY = "libc++";
				FRAMEWORK_SEARCH_PATHS = (
					/Library/Frameworks/,
					"$(inherited)",
				);
				GCC_VERSION = com.apple.compilers.llvm.clang.1_0;
				HEADER_SEARCH_PATHS = (
					/usr/local/include/,
					"$(inherited)",
				);
				LIBRARY_SEARCH_PATHS = (
					/usr/local/lib/,
					"$(inherited)",
				);
				MACOSX_DEPLOYMENT_TARGET = 10.7;
				OTHER_LDFLAGS = (
					"$(inherited)",
					"$(SFML_SYSTEM)",
					"$(SFML_WINDOW)",
					"$(SFML_GRAPHICS)",
					"$(SFML_AUDIO)",
					"$(SFML_NETWORK)",
				);
				SFML_AUDIO = "$(SFML_LINK_PREFIX) sfml-audio$(SFML_LINK_SUFFIX)";
				SFML_BINARY_TYPE = FRAMEWORKS;
				SFML_GRAPHICS = "$(SFML_LINK_PREFIX) sfml-graphics$(SFML_LINK_SUFFIX)";
				SFML_LINK_DYLIBS_PREFIX = "-l";
				SFML_LINK_DYLIBS_SUFFIX = "";
				SFML_LINK_FRAMEWORKS_PREFIX = "-framework";
				SFML_LINK_FRAMEWORKS_SUFFIX = "";
				SFML_LINK_PREFIX = "$(SFML_LINK_$(SFML_BINARY_TYPE)_PREFIX)";
				SFML_LINK_SUFFIX = "$(SFML_LINK_$(SFML_BINARY_TYPE)_SUFFIX)";
				SFML_NETWORK = "$(SFML_LINK_PREFIX) sfml-network$(SFML_LINK_SUFFIX)";
				SFML_SYSTEM = "$(SFML_LINK_PREFIX) sfml-system$(SFML_LINK_SUFFIX)";
				SFML_WINDOW = "$(SFML_LINK_PREFIX) sfml-window$(SFML_LINK_SUFFIX)";
				SUPPORTED_PLATFORMS = macosx;
			};
			name = Debug;
		};
		BE5AE60F1F9D9604001BF868 /* Release */ = {
			isa = XCBuildConfiguration;
			buildSettings = {
				ARCHS = "$(NATIVE_ARCH_ACTUAL)";
				CLANG_CXX_LANGUAGE_STANDARD = "c++0x";
				CLANG_CXX_LIBRARY = "libc++";
				FRAMEWORK_SEARCH_PATHS = (
					/Library/Frameworks/,
					"$(inherited)",
				);
				GCC_VERSION = com.apple.compilers.llvm.clang.1_0;
				HEADER_SEARCH_PATHS = (
					/usr/local/include/,
					"$(inherited)",
				);
				LIBRARY_SEARCH_PATHS = (
					/usr/local/lib/,
					"$(inherited)",
				);
				MACOSX_DEPLOYMENT_TARGET = 10.7;
				OTHER_LDFLAGS = (
					"$(inherited)",
					"$(SFML_SYSTEM)",
					"$(SFML_WINDOW)",
					"$(SFML_GRAPHICS)",
					"$(SFML_AUDIO)",
					"$(SFML_NETWORK)",
				);
				SFML_AUDIO = "$(SFML_LINK_PREFIX) sfml-audio$(SFML_LINK_SUFFIX)";
				SFML_BINARY_TYPE = FRAMEWORKS;
				SFML_GRAPHICS = "$(SFML_LINK_PREFIX) sfml-graphics$(SFML_LINK_SUFFIX)";
				SFML_LINK_DYLIBS_PREFIX = "-l";
				SFML_LINK_DYLIBS_SUFFIX = "";
				SFML_LINK_FRAMEWORKS_PREFIX = "-framework";
				SFML_LINK_FRAMEWORKS_SUFFIX = "";
				SFML_LINK_PREFIX = "$(SFML_LINK_$(SFML_BINARY_TYPE)_PREFIX)";
				SFML_LINK_SUFFIX = "$(SFML_LINK_$(SFML_BINARY_TYPE)_SUFFIX)";
				SFML_NETWORK = "$(SFML_LINK_PREFIX) sfml-network$(SFML_LINK_SUFFIX)";
				SFML_SYSTEM = "$(SFML_LINK_PREFIX) sfml-system$(SFML_LINK_SUFFIX)";
				SFML_WINDOW = "$(SFML_LINK_PREFIX) sfml-window$(SFML_LINK_SUFFIX)";
				SUPPORTED_PLATFORMS = macosx;
			};
			name = Release;
		};
		BE5AE6111F9D9604001BF868 /* Debug */ = {
			isa = XCBuildConfiguration;
			buildSettings = {
				DEVELOPMENT_TEAM = 4L78Y9B549;
				INFOPLIST_FILE = "SFML_RPG/SFML_RPG-Info.plist";
				LD_RUNPATH_SEARCH_PATHS = "@loader_path/../Frameworks";
				PRODUCT_NAME = "$(TARGET_NAME)";
			};
			name = Debug;
		};
		BE5AE6121F9D9604001BF868 /* Release */ = {
			isa = XCBuildConfiguration;
			buildSettings = {
				DEVELOPMENT_TEAM = 4L78Y9B549;
				INFOPLIST_FILE = "SFML_RPG/SFML_RPG-Info.plist";
				LD_RUNPATH_SEARCH_PATHS = "@loader_path/../Frameworks";
				PRODUCT_NAME = "$(TARGET_NAME)";
			};
			name = Release;
		};
/* End XCBuildConfiguration section */

/* Begin XCConfigurationList section */
		BE5AE5F51F9D9604001BF868 /* Build configuration list for PBXProject "SFML_RPG" */ = {
			isa = XCConfigurationList;
			buildConfigurations = (
				BE5AE60E1F9D9604001BF868 /* Debug */,
				BE5AE60F1F9D9604001BF868 /* Release */,
			);
			defaultConfigurationIsVisible = 0;
			defaultConfigurationName = Release;
		};
		BE5AE6101F9D9604001BF868 /* Build configuration list for PBXNativeTarget "SFML_RPG" */ = {
			isa = XCConfigurationList;
			buildConfigurations = (
				BE5AE6111F9D9604001BF868 /* Debug */,
				BE5AE6121F9D9604001BF868 /* Release */,
			);
			defaultConfigurationIsVisible = 0;
			defaultConfigurationName = Release;
		};
/* End XCConfigurationList section */
	};
	rootObject = BE5AE5F21F9D9604001BF868 /* Project object */;
}
